
Microsoft Visual Studio Solution File, Format Version 12.00
# Visual Studio Version 17
VisualStudioVersion = 17.10.34825.169
MinimumVisualStudioVersion = 10.0.40219.1
Project("{2150E333-8FDC-42A3-9474-1A3956D46DE8}") = "Solution Items", "Solution Items", "{8363F011-A664-42B8-90B9-CB2D90534A3B}"
	ProjectSection(SolutionItems) = preProject
		Directory.Build.props = Directory.Build.props
		Directory.Packages.props = Directory.Packages.props
		nuget.config = nuget.config
	EndProjectSection
EndProject
Project("{FAE04EC0-301F-11D3-BF4B-00C04F79EFBC}") = "Framework.Core.Domain", "src\Framework\Core\Framework.Core.Domain\Framework.Core.Domain.csproj", "{3B8C572E-AEFC-4781-9002-3AA0046F3430}"
EndProject
Project("{FAE04EC0-301F-11D3-BF4B-00C04F79EFBC}") = "Framework.Core.Domain.Toolkits", "src\Framework\Core\Framework.Core.Domain.Toolkits\Framework.Core.Domain.Toolkits.csproj", "{2A17CAB2-8159-4407-B415-B31277F3674E}"
EndProject
Project("{2150E333-8FDC-42A3-9474-1A3956D46DE8}") = "Framework", "Framework", "{4F618171-0337-4AD0-94A2-987326C2C784}"
EndProject
Project("{2150E333-8FDC-42A3-9474-1A3956D46DE8}") = "Common", "Common", "{084D4EEF-6621-44FC-885F-1E251BE95AF8}"
EndProject
Project("{FAE04EC0-301F-11D3-BF4B-00C04F79EFBC}") = "Utilities", "src\Common\Utilities\Utilities.csproj", "{BB3F70F0-CAC9-4027-8BEA-11BD3C7CEA24}"
EndProject
Project("{2150E333-8FDC-42A3-9474-1A3956D46DE8}") = "src", "src", "{367BD971-6741-48D2-9368-1D43D53B38C1}"
EndProject
Project("{FAE04EC0-301F-11D3-BF4B-00C04F79EFBC}") = "Framework.Core.Contracts", "src\Framework\Core\Framework.Core.Contracts\Framework.Core.Contracts.csproj", "{66FDD7FD-89EB-49EE-9C13-47F778EF8AD4}"
EndProject
Project("{FAE04EC0-301F-11D3-BF4B-00C04F79EFBC}") = "Framework.Core.RequestResponse", "src\Framework\Core\Framework.Core.RequestResponse\Framework.Core.RequestResponse.csproj", "{138230D1-7C89-4B75-B1F8-E8B5669D1178}"
EndProject
Project("{FAE04EC0-301F-11D3-BF4B-00C04F79EFBC}") = "Framework.Core.ApplicationServices", "src\Framework\Core\Framework.Core.ApplicationServices\Framework.Core.ApplicationServices.csproj", "{53C19E2E-2C6E-4778-B84C-49A2F3E6D622}"
EndProject
Project("{2150E333-8FDC-42A3-9474-1A3956D46DE8}") = "Core", "Core", "{37466C38-21F3-408E-A2AD-7391462EB0C2}"
EndProject
Project("{2150E333-8FDC-42A3-9474-1A3956D46DE8}") = "Infra", "Infra", "{85C919A8-9BC8-4C68-A5DB-528CDF062166}"
EndProject
Project("{2150E333-8FDC-42A3-9474-1A3956D46DE8}") = "Data", "Data", "{C6470C33-8231-4535-9B52-31395A44D7EC}"
EndProject
Project("{2150E333-8FDC-42A3-9474-1A3956D46DE8}") = "Sql", "Sql", "{EA8A00F0-AACE-4796-833A-C6AE34D38350}"
EndProject
Project("{2150E333-8FDC-42A3-9474-1A3956D46DE8}") = "NoSql", "NoSql", "{81C47DE4-E2FE-4CB2-88D3-9CAD9008C1CD}"
EndProject
Project("{FAE04EC0-301F-11D3-BF4B-00C04F79EFBC}") = "Framework.Infra.Data.Sql.Commands", "src\Framework\Infra\Data\Sql\Framework.Infra.Data.Sql.Commands\Framework.Infra.Data.Sql.Commands.csproj", "{ACA06C4C-7E6C-40CE-ABE4-E2212674E842}"
EndProject
Project("{FAE04EC0-301F-11D3-BF4B-00C04F79EFBC}") = "Framework.Infra.Data.Sql.Queries", "src\Framework\Infra\Data\Sql\Framework.Infra.Data.Sql.Queries\Framework.Infra.Data.Sql.Queries.csproj", "{35183CB9-DBFE-4C38-9B39-C57D0C0E6AA3}"
EndProject
Project("{2150E333-8FDC-42A3-9474-1A3956D46DE8}") = "EndPoints", "EndPoints", "{8609468D-CA5F-4ADA-88FE-73F994D693BC}"
EndProject
Project("{FAE04EC0-301F-11D3-BF4B-00C04F79EFBC}") = "Framework.EndPoints.Web", "src\Framework\EndPoints\Framework.EndPoints.Web\Framework.EndPoints.Web.csproj", "{E11F3CDC-0AAF-45A4-9F24-C0BF4884682C}"
EndProject
Project("{2150E333-8FDC-42A3-9474-1A3956D46DE8}") = "Integration", "Integration", "{7023511D-693C-48DE-9D19-23A1DD7BEA6B}"
EndProject
Project("{FAE04EC0-301F-11D3-BF4B-00C04F79EFBC}") = "Framework.Integration.ExternalEvents", "src\Framework\Integration\Framework.Integration.ExternalEvents\Framework.Integration.ExternalEvents.csproj", "{DFEF757A-476C-488D-B9B7-0BA2474625C7}"
EndProject
Global
	GlobalSection(SolutionConfigurationPlatforms) = preSolution
		Debug|Any CPU = Debug|Any CPU
		Release|Any CPU = Release|Any CPU
	EndGlobalSection
	GlobalSection(ProjectConfigurationPlatforms) = postSolution
		{3B8C572E-AEFC-4781-9002-3AA0046F3430}.Debug|Any CPU.ActiveCfg = Debug|Any CPU
		{3B8C572E-AEFC-4781-9002-3AA0046F3430}.Debug|Any CPU.Build.0 = Debug|Any CPU
		{3B8C572E-AEFC-4781-9002-3AA0046F3430}.Release|Any CPU.ActiveCfg = Release|Any CPU
		{3B8C572E-AEFC-4781-9002-3AA0046F3430}.Release|Any CPU.Build.0 = Release|Any CPU
		{2A17CAB2-8159-4407-B415-B31277F3674E}.Debug|Any CPU.ActiveCfg = Debug|Any CPU
		{2A17CAB2-8159-4407-B415-B31277F3674E}.Debug|Any CPU.Build.0 = Debug|Any CPU
		{2A17CAB2-8159-4407-B415-B31277F3674E}.Release|Any CPU.ActiveCfg = Release|Any CPU
		{2A17CAB2-8159-4407-B415-B31277F3674E}.Release|Any CPU.Build.0 = Release|Any CPU
		{BB3F70F0-CAC9-4027-8BEA-11BD3C7CEA24}.Debug|Any CPU.ActiveCfg = Debug|Any CPU
		{BB3F70F0-CAC9-4027-8BEA-11BD3C7CEA24}.Debug|Any CPU.Build.0 = Debug|Any CPU
		{BB3F70F0-CAC9-4027-8BEA-11BD3C7CEA24}.Release|Any CPU.ActiveCfg = Release|Any CPU
		{BB3F70F0-CAC9-4027-8BEA-11BD3C7CEA24}.Release|Any CPU.Build.0 = Release|Any CPU
		{66FDD7FD-89EB-49EE-9C13-47F778EF8AD4}.Debug|Any CPU.ActiveCfg = Debug|Any CPU
		{66FDD7FD-89EB-49EE-9C13-47F778EF8AD4}.Debug|Any CPU.Build.0 = Debug|Any CPU
		{66FDD7FD-89EB-49EE-9C13-47F778EF8AD4}.Release|Any CPU.ActiveCfg = Release|Any CPU
		{66FDD7FD-89EB-49EE-9C13-47F778EF8AD4}.Release|Any CPU.Build.0 = Release|Any CPU
		{138230D1-7C89-4B75-B1F8-E8B5669D1178}.Debug|Any CPU.ActiveCfg = Debug|Any CPU
		{138230D1-7C89-4B75-B1F8-E8B5669D1178}.Debug|Any CPU.Build.0 = Debug|Any CPU
		{138230D1-7C89-4B75-B1F8-E8B5669D1178}.Release|Any CPU.ActiveCfg = Release|Any CPU
		{138230D1-7C89-4B75-B1F8-E8B5669D1178}.Release|Any CPU.Build.0 = Release|Any CPU
		{53C19E2E-2C6E-4778-B84C-49A2F3E6D622}.Debug|Any CPU.ActiveCfg = Debug|Any CPU
		{53C19E2E-2C6E-4778-B84C-49A2F3E6D622}.Debug|Any CPU.Build.0 = Debug|Any CPU
		{53C19E2E-2C6E-4778-B84C-49A2F3E6D622}.Release|Any CPU.ActiveCfg = Release|Any CPU
		{53C19E2E-2C6E-4778-B84C-49A2F3E6D622}.Release|Any CPU.Build.0 = Release|Any CPU
		{ACA06C4C-7E6C-40CE-ABE4-E2212674E842}.Debug|Any CPU.ActiveCfg = Debug|Any CPU
		{ACA06C4C-7E6C-40CE-ABE4-E2212674E842}.Debug|Any CPU.Build.0 = Debug|Any CPU
		{ACA06C4C-7E6C-40CE-ABE4-E2212674E842}.Release|Any CPU.ActiveCfg = Release|Any CPU
		{ACA06C4C-7E6C-40CE-ABE4-E2212674E842}.Release|Any CPU.Build.0 = Release|Any CPU
		{35183CB9-DBFE-4C38-9B39-C57D0C0E6AA3}.Debug|Any CPU.ActiveCfg = Debug|Any CPU
		{35183CB9-DBFE-4C38-9B39-C57D0C0E6AA3}.Debug|Any CPU.Build.0 = Debug|Any CPU
		{35183CB9-DBFE-4C38-9B39-C57D0C0E6AA3}.Release|Any CPU.ActiveCfg = Release|Any CPU
		{35183CB9-DBFE-4C38-9B39-C57D0C0E6AA3}.Release|Any CPU.Build.0 = Release|Any CPU
		{E11F3CDC-0AAF-45A4-9F24-C0BF4884682C}.Debug|Any CPU.ActiveCfg = Debug|Any CPU
		{E11F3CDC-0AAF-45A4-9F24-C0BF4884682C}.Debug|Any CPU.Build.0 = Debug|Any CPU
		{E11F3CDC-0AAF-45A4-9F24-C0BF4884682C}.Release|Any CPU.ActiveCfg = Release|Any CPU
		{E11F3CDC-0AAF-45A4-9F24-C0BF4884682C}.Release|Any CPU.Build.0 = Release|Any CPU
		{DFEF757A-476C-488D-B9B7-0BA2474625C7}.Debug|Any CPU.ActiveCfg = Debug|Any CPU
		{DFEF757A-476C-488D-B9B7-0BA2474625C7}.Debug|Any CPU.Build.0 = Debug|Any CPU
		{DFEF757A-476C-488D-B9B7-0BA2474625C7}.Release|Any CPU.ActiveCfg = Release|Any CPU
		{DFEF757A-476C-488D-B9B7-0BA2474625C7}.Release|Any CPU.Build.0 = Release|Any CPU
	EndGlobalSection
	GlobalSection(SolutionProperties) = preSolution
		HideSolutionNode = FALSE
	EndGlobalSection
	GlobalSection(NestedProjects) = preSolution
		{4F618171-0337-4AD0-94A2-987326C2C784} = {367BD971-6741-48D2-9368-1D43D53B38C1}
		{084D4EEF-6621-44FC-885F-1E251BE95AF8} = {367BD971-6741-48D2-9368-1D43D53B38C1}
		{BB3F70F0-CAC9-4027-8BEA-11BD3C7CEA24} = {084D4EEF-6621-44FC-885F-1E251BE95AF8}
		{37466C38-21F3-408E-A2AD-7391462EB0C2} = {4F618171-0337-4AD0-94A2-987326C2C784}
		{53C19E2E-2C6E-4778-B84C-49A2F3E6D622} = {37466C38-21F3-408E-A2AD-7391462EB0C2}
		{66FDD7FD-89EB-49EE-9C13-47F778EF8AD4} = {37466C38-21F3-408E-A2AD-7391462EB0C2}
		{3B8C572E-AEFC-4781-9002-3AA0046F3430} = {37466C38-21F3-408E-A2AD-7391462EB0C2}
		{2A17CAB2-8159-4407-B415-B31277F3674E} = {37466C38-21F3-408E-A2AD-7391462EB0C2}
		{138230D1-7C89-4B75-B1F8-E8B5669D1178} = {37466C38-21F3-408E-A2AD-7391462EB0C2}
		{85C919A8-9BC8-4C68-A5DB-528CDF062166} = {4F618171-0337-4AD0-94A2-987326C2C784}
		{C6470C33-8231-4535-9B52-31395A44D7EC} = {85C919A8-9BC8-4C68-A5DB-528CDF062166}
		{EA8A00F0-AACE-4796-833A-C6AE34D38350} = {C6470C33-8231-4535-9B52-31395A44D7EC}
		{81C47DE4-E2FE-4CB2-88D3-9CAD9008C1CD} = {C6470C33-8231-4535-9B52-31395A44D7EC}
		{ACA06C4C-7E6C-40CE-ABE4-E2212674E842} = {EA8A00F0-AACE-4796-833A-C6AE34D38350}
		{35183CB9-DBFE-4C38-9B39-C57D0C0E6AA3} = {EA8A00F0-AACE-4796-833A-C6AE34D38350}
		{8609468D-CA5F-4ADA-88FE-73F994D693BC} = {4F618171-0337-4AD0-94A2-987326C2C784}
		{E11F3CDC-0AAF-45A4-9F24-C0BF4884682C} = {8609468D-CA5F-4ADA-88FE-73F994D693BC}
		{7023511D-693C-48DE-9D19-23A1DD7BEA6B} = {4F618171-0337-4AD0-94A2-987326C2C784}
		{DFEF757A-476C-488D-B9B7-0BA2474625C7} = {7023511D-693C-48DE-9D19-23A1DD7BEA6B}
	EndGlobalSection
	GlobalSection(ExtensibilityGlobals) = postSolution
		SolutionGuid = {72044DB3-892D-4F42-8E99-A75CCE2B9C93}
	EndGlobalSection
EndGlobal
